# This file was autogenerated by uv via the following command:
#    uv pip compile pyproject.toml -o uv.lock
accelerate==1.10.0
    # via
    #   docling
    #   docling-ibm-models
aiohappyeyeballs==2.6.1
    # via aiohttp
aiohttp==3.12.15
    # via
    #   langchain
    #   langchain-community
aiosignal==1.4.0
    # via aiohttp
altair==5.5.0
    # via streamlit
annotated-types==0.7.0
    # via pydantic
anyio==4.10.0
    # via
    #   llm-t (pyproject.toml)
    #   groq
    #   httpx
    #   openai
    #   sse-starlette
    #   starlette
    #   watchfiles
attrs==25.3.0
    # via
    #   aiohttp
    #   jsonlines
    #   jsonschema
    #   referencing
beautifulsoup4==4.13.4
    # via
    #   docling
    #   wikipedia
blinker==1.9.0
    # via streamlit
cachetools==6.1.0
    # via streamlit
certifi==2025.8.3
    # via
    #   docling
    #   httpcore
    #   httpx
    #   requests
cffi==1.17.1
    # via cryptography
charset-normalizer==3.4.3
    # via
    #   pdfminer-six
    #   reportlab
    #   requests
click==8.2.1
    # via
    #   ddgs
    #   streamlit
    #   typer
    #   uvicorn
colorama==0.4.6
    # via
    #   click
    #   tqdm
    #   uvicorn
cryptography==45.0.6
    # via
    #   pdfminer-six
    #   pypdf
dataclasses-json==0.6.7
    # via langchain-community
ddgs==9.5.2
    # via llm-t (pyproject.toml)
dill==0.4.0
    # via multiprocess
distro==1.9.0
    # via
    #   groq
    #   openai
docling==2.46.0
    # via llm-t (pyproject.toml)
docling-core==2.45.0
    # via
    #   docling
    #   docling-ibm-models
    #   docling-parse
docling-ibm-models==3.9.0
    # via docling
docling-parse==4.2.2
    # via docling
easyocr==1.7.2
    # via docling
et-xmlfile==2.0.0
    # via openpyxl
faiss-cpu==1.12.0
    # via llm-t (pyproject.toml)
fastapi==0.116.1
    # via llm-t (pyproject.toml)
filelock==3.19.1
    # via
    #   huggingface-hub
    #   torch
    #   transformers
filetype==1.2.0
    # via docling
frozenlist==1.7.0
    # via
    #   aiohttp
    #   aiosignal
fsspec==2025.7.0
    # via
    #   huggingface-hub
    #   torch
gitdb==4.0.12
    # via gitpython
gitpython==3.1.45
    # via streamlit
graphviz==0.21
    # via llm-t (pyproject.toml)
greenlet==3.2.4
    # via sqlalchemy
groq==0.31.0
    # via
    #   llm-t (pyproject.toml)
    #   langchain-groq
grpcio==1.74.0
    # via pymilvus
h11==0.16.0
    # via
    #   httpcore
    #   uvicorn
hf-xet==1.1.8
    # via huggingface-hub
httpcore==1.0.9
    # via httpx
httptools==0.6.4
    # via uvicorn
httpx==0.27.2
    # via
    #   llm-t (pyproject.toml)
    #   groq
    #   langserve
    #   langsmith
    #   ollama
    #   openai
huggingface-hub==0.34.4
    # via
    #   llm-t (pyproject.toml)
    #   accelerate
    #   docling
    #   docling-ibm-models
    #   langchain-huggingface
    #   sentence-transformers
    #   tokenizers
    #   transformers
idna==3.10
    # via
    #   anyio
    #   httpx
    #   requests
    #   yarl
imageio==2.37.0
    # via scikit-image
jinja2==3.1.6
    # via
    #   altair
    #   pydeck
    #   torch
jiter==0.10.0
    # via openai
joblib==1.5.1
    # via scikit-learn
jsonlines==3.1.0
    # via docling-ibm-models
jsonpatch==1.33
    # via langchain-core
jsonpointer==3.0.0
    # via jsonpatch
jsonref==1.1.0
    # via docling-core
jsonschema==4.25.1
    # via
    #   altair
    #   docling-core
    #   pyproject-toml
jsonschema-specifications==2025.4.1
    # via jsonschema
langchain==0.2.17
    # via
    #   llm-t (pyproject.toml)
    #   langchain-community
langchain-community==0.2.19
    # via llm-t (pyproject.toml)
langchain-core==0.2.43
    # via
    #   llm-t (pyproject.toml)
    #   langchain
    #   langchain-community
    #   langchain-groq
    #   langchain-huggingface
    #   langchain-milvus
    #   langchain-ollama
    #   langchain-openai
    #   langchain-text-splitters
    #   langgraph
    #   langserve
langchain-groq==0.1.10
    # via llm-t (pyproject.toml)
langchain-huggingface==0.0.3
    # via llm-t (pyproject.toml)
langchain-milvus==0.2.1
    # via llm-t (pyproject.toml)
langchain-ollama==0.1.3
    # via llm-t (pyproject.toml)
langchain-openai==0.1.25
    # via llm-t (pyproject.toml)
langchain-text-splitters==0.2.4
    # via langchain
langgraph==0.0.69
    # via llm-t (pyproject.toml)
langserve==0.2.3
    # via llm-t (pyproject.toml)
langsmith==0.1.147
    # via
    #   langchain
    #   langchain-community
    #   langchain-core
latex2mathml==3.78.0
    # via docling-core
lazy-loader==0.4
    # via scikit-image
lxml==5.4.0
    # via
    #   ddgs
    #   docling
    #   python-docx
    #   python-pptx
markdown-it-py==4.0.0
    # via rich
marko==2.2.0
    # via docling
markupsafe==3.0.2
    # via jinja2
marshmallow==3.26.1
    # via dataclasses-json
mdurl==0.1.2
    # via markdown-it-py
mpire==2.10.2
    # via semchunk
mpmath==1.3.0
    # via sympy
multidict==6.6.4
    # via
    #   aiohttp
    #   yarl
multiprocess==0.70.18
    # via mpire
mypy-extensions==1.1.0
    # via typing-inspect
narwhals==2.1.2
    # via altair
networkx==3.5
    # via
    #   scikit-image
    #   torch
ninja==1.13.0
    # via easyocr
numpy==1.26.4
    # via
    #   llm-t (pyproject.toml)
    #   accelerate
    #   docling-ibm-models
    #   easyocr
    #   faiss-cpu
    #   imageio
    #   langchain
    #   langchain-community
    #   opencv-python
    #   opencv-python-headless
    #   pandas
    #   pydeck
    #   safetensors
    #   scikit-image
    #   scikit-learn
    #   scipy
    #   shapely
    #   streamlit
    #   tifffile
    #   torchvision
    #   transformers
ollama==0.5.3
    # via langchain-ollama
openai==1.101.0
    # via
    #   llm-t (pyproject.toml)
    #   langchain-openai
opencv-python==4.11.0.86
    # via llm-t (pyproject.toml)
opencv-python-headless==4.11.0.86
    # via
    #   docling-ibm-models
    #   easyocr
openpyxl==3.1.5
    # via docling
orjson==3.11.2
    # via
    #   langserve
    #   langsmith
packaging==24.2
    # via
    #   accelerate
    #   altair
    #   faiss-cpu
    #   huggingface-hub
    #   langchain-core
    #   lazy-loader
    #   marshmallow
    #   pytesseract
    #   scikit-image
    #   streamlit
    #   transformers
pandas==2.3.2
    # via
    #   docling
    #   docling-core
    #   pymilvus
    #   streamlit
pdfminer-six==20250506
    # via
    #   llm-t (pyproject.toml)
    #   pdfplumber
pdfplumber==0.11.7
    # via llm-t (pyproject.toml)
pillow==11.3.0
    # via
    #   llm-t (pyproject.toml)
    #   docling
    #   docling-core
    #   docling-ibm-models
    #   docling-parse
    #   easyocr
    #   imageio
    #   pdfplumber
    #   pytesseract
    #   python-pptx
    #   reportlab
    #   scikit-image
    #   sentence-transformers
    #   streamlit
    #   torchvision
pluggy==1.6.0
    # via docling
primp==0.15.0
    # via ddgs
propcache==0.3.2
    # via
    #   aiohttp
    #   yarl
protobuf==5.27.2
    # via
    #   llm-t (pyproject.toml)
    #   pymilvus
    #   streamlit
psutil==7.0.0
    # via accelerate
pyarrow==21.0.0
    # via streamlit
pyclipper==1.3.0.post6
    # via easyocr
pycparser==2.22
    # via cffi
pydantic==2.11.7
    # via
    #   llm-t (pyproject.toml)
    #   docling
    #   docling-core
    #   docling-ibm-models
    #   docling-parse
    #   fastapi
    #   groq
    #   langchain
    #   langchain-core
    #   langserve
    #   langsmith
    #   ollama
    #   openai
    #   pydantic-settings
pydantic-core==2.33.2
    # via
    #   llm-t (pyproject.toml)
    #   pydantic
pydantic-settings==2.10.1
    # via docling
pydeck==0.9.1
    # via streamlit
pygments==2.19.2
    # via
    #   mpire
    #   rich
pylatexenc==2.10
    # via docling
pymilvus==2.6.0
    # via
    #   llm-t (pyproject.toml)
    #   langchain-milvus
pypdf==6.0.0
    # via llm-t (pyproject.toml)
pypdfium2==4.30.0
    # via
    #   docling
    #   pdfplumber
pyproject-toml==0.0.10
    # via langserve
pytesseract==0.3.13
    # via llm-t (pyproject.toml)
python-bidi==0.6.6
    # via easyocr
python-dateutil==2.9.0.post0
    # via pandas
python-docx==1.2.0
    # via docling
python-dotenv==1.1.1
    # via
    #   llm-t (pyproject.toml)
    #   pydantic-settings
    #   pymilvus
    #   uvicorn
python-pptx==1.0.2
    # via docling
pytz==2025.2
    # via pandas
pywin32==311
    # via
    #   docling-parse
    #   mpire
pyyaml==6.0.2
    # via
    #   accelerate
    #   docling-core
    #   easyocr
    #   huggingface-hub
    #   langchain
    #   langchain-community
    #   langchain-core
    #   transformers
    #   uvicorn
redis==6.4.0
    # via llm-t (pyproject.toml)
referencing==0.36.2
    # via
    #   jsonschema
    #   jsonschema-specifications
regex==2025.7.34
    # via
    #   tiktoken
    #   transformers
reportlab==4.4.3
    # via llm-t (pyproject.toml)
requests==2.32.5
    # via
    #   llm-t (pyproject.toml)
    #   docling
    #   huggingface-hub
    #   langchain
    #   langchain-community
    #   langsmith
    #   requests-toolbelt
    #   streamlit
    #   tiktoken
    #   transformers
    #   wikipedia
requests-toolbelt==1.0.0
    # via langsmith
rich==14.1.0
    # via typer
rpds-py==0.27.0
    # via
    #   jsonschema
    #   referencing
rtree==1.4.1
    # via
    #   docling
    #   docling-ibm-models
safetensors==0.6.2
    # via
    #   accelerate
    #   docling-ibm-models
    #   transformers
scikit-image==0.25.2
    # via easyocr
scikit-learn==1.7.1
    # via sentence-transformers
scipy==1.16.1
    # via
    #   docling
    #   easyocr
    #   scikit-image
    #   scikit-learn
    #   sentence-transformers
semchunk==2.2.2
    # via docling-core
sentence-transformers==5.1.0
    # via langchain-huggingface
setuptools==80.9.0
    # via
    #   pymilvus
    #   pyproject-toml
    #   torch
shapely==2.1.1
    # via easyocr
shellingham==1.5.4
    # via typer
six==1.17.0
    # via python-dateutil
smmap==5.0.2
    # via gitdb
sniffio==1.3.1
    # via
    #   anyio
    #   groq
    #   httpx
    #   openai
soupsieve==2.7
    # via beautifulsoup4
sqlalchemy==2.0.43
    # via
    #   langchain
    #   langchain-community
sse-starlette==3.0.2
    # via llm-t (pyproject.toml)
starlette==0.47.2
    # via fastapi
streamlit==1.48.1
    # via llm-t (pyproject.toml)
sympy==1.14.0
    # via torch
tabulate==0.9.0
    # via
    #   docling-core
    #   docling-parse
tenacity==8.5.0
    # via
    #   langchain
    #   langchain-community
    #   langchain-core
    #   streamlit
threadpoolctl==3.6.0
    # via scikit-learn
tifffile==2025.6.11
    # via scikit-image
tiktoken==0.11.0
    # via
    #   llm-t (pyproject.toml)
    #   langchain-openai
tokenizers==0.21.4
    # via
    #   langchain-huggingface
    #   transformers
toml==0.10.2
    # via
    #   pyproject-toml
    #   streamlit
torch==2.8.0
    # via
    #   accelerate
    #   docling-ibm-models
    #   easyocr
    #   safetensors
    #   sentence-transformers
    #   torchvision
torchvision==0.23.0
    # via
    #   docling-ibm-models
    #   easyocr
tornado==6.5.2
    # via streamlit
tqdm==4.67.1
    # via
    #   docling
    #   docling-ibm-models
    #   huggingface-hub
    #   mpire
    #   openai
    #   semchunk
    #   sentence-transformers
    #   transformers
transformers==4.55.3
    # via
    #   docling-core
    #   docling-ibm-models
    #   langchain-huggingface
    #   sentence-transformers
typer==0.16.1
    # via
    #   docling
    #   docling-core
typing-extensions==4.14.1
    # via
    #   aiosignal
    #   altair
    #   anyio
    #   beautifulsoup4
    #   docling-core
    #   fastapi
    #   groq
    #   huggingface-hub
    #   langchain-core
    #   openai
    #   pydantic
    #   pydantic-core
    #   python-docx
    #   python-pptx
    #   referencing
    #   sentence-transformers
    #   sqlalchemy
    #   starlette
    #   streamlit
    #   torch
    #   typer
    #   typing-inspect
    #   typing-inspection
typing-inspect==0.9.0
    # via dataclasses-json
typing-inspection==0.4.1
    # via
    #   pydantic
    #   pydantic-settings
tzdata==2025.2
    # via pandas
ujson==5.11.0
    # via pymilvus
urllib3==2.5.0
    # via requests
uvicorn==0.35.0
    # via llm-t (pyproject.toml)
watchdog==6.0.0
    # via streamlit
watchfiles==1.1.0
    # via uvicorn
websockets==15.0.1
    # via uvicorn
wheel==0.45.1
    # via pyproject-toml
wikipedia==1.4.0
    # via llm-t (pyproject.toml)
xlsxwriter==3.2.5
    # via python-pptx
yarl==1.20.1
    # via aiohttp
